
Microsoft Visual Studio Solution File, Format Version 12.00
# Visual Studio Version 17
VisualStudioVersion = 17.12.35521.163 d17.12
MinimumVisualStudioVersion = 10.0.40219.1
Project("{FAE04EC0-301F-11D3-BF4B-00C04F79EFBC}") = "Universal.Core", "Universal.Core\Universal.Core.csproj", "{EF8B81CA-A8A1-4BAE-84A6-0125A9F053BA}"
EndProject
Project("{FAE04EC0-301F-11D3-BF4B-00C04F79EFBC}") = "Universal.DataAccess", "Universal.DataAccess\Universal.DataAccess.csproj", "{36FAA237-43BF-41B6-B026-809294699203}"
EndProject
Project("{FAE04EC0-301F-11D3-BF4B-00C04F79EFBC}") = "Universal.Service", "Universal.Service\Universal.Service.csproj", "{C5BEC729-9BC5-426F-9BA6-55DC9C2D187D}"
EndProject
Project("{FAE04EC0-301F-11D3-BF4B-00C04F79EFBC}") = "Universal.Common", "Universal.Common\Universal.Common.csproj", "{62FA9C07-5ECF-4A31-A2BD-DF389B3F0D17}"
EndProject
Global
	GlobalSection(SolutionConfigurationPlatforms) = preSolution
		Debug|Any CPU = Debug|Any CPU
		Release|Any CPU = Release|Any CPU
	EndGlobalSection
	GlobalSection(ProjectConfigurationPlatforms) = postSolution
		{EF8B81CA-A8A1-4BAE-84A6-0125A9F053BA}.Debug|Any CPU.ActiveCfg = Debug|Any CPU
		{EF8B81CA-A8A1-4BAE-84A6-0125A9F053BA}.Debug|Any CPU.Build.0 = Debug|Any CPU
		{EF8B81CA-A8A1-4BAE-84A6-0125A9F053BA}.Release|Any CPU.ActiveCfg = Release|Any CPU
		{EF8B81CA-A8A1-4BAE-84A6-0125A9F053BA}.Release|Any CPU.Build.0 = Release|Any CPU
		{36FAA237-43BF-41B6-B026-809294699203}.Debug|Any CPU.ActiveCfg = Debug|Any CPU
		{36FAA237-43BF-41B6-B026-809294699203}.Debug|Any CPU.Build.0 = Debug|Any CPU
		{36FAA237-43BF-41B6-B026-809294699203}.Release|Any CPU.ActiveCfg = Release|Any CPU
		{36FAA237-43BF-41B6-B026-809294699203}.Release|Any CPU.Build.0 = Release|Any CPU
		{C5BEC729-9BC5-426F-9BA6-55DC9C2D187D}.Debug|Any CPU.ActiveCfg = Debug|Any CPU
		{C5BEC729-9BC5-426F-9BA6-55DC9C2D187D}.Debug|Any CPU.Build.0 = Debug|Any CPU
		{C5BEC729-9BC5-426F-9BA6-55DC9C2D187D}.Release|Any CPU.ActiveCfg = Release|Any CPU
		{C5BEC729-9BC5-426F-9BA6-55DC9C2D187D}.Release|Any CPU.Build.0 = Release|Any CPU
		{62FA9C07-5ECF-4A31-A2BD-DF389B3F0D17}.Debug|Any CPU.ActiveCfg = Debug|Any CPU
		{62FA9C07-5ECF-4A31-A2BD-DF389B3F0D17}.Debug|Any CPU.Build.0 = Debug|Any CPU
		{62FA9C07-5ECF-4A31-A2BD-DF389B3F0D17}.Release|Any CPU.ActiveCfg = Release|Any CPU
		{62FA9C07-5ECF-4A31-A2BD-DF389B3F0D17}.Release|Any CPU.Build.0 = Release|Any CPU
	EndGlobalSection
	GlobalSection(SolutionProperties) = preSolution
		HideSolutionNode = FALSE
	EndGlobalSection
EndGlobal
